# This file was autogenerated by Stack.
# You should not edit this file by hand.
# For more information, please see the documentation at:
#   https://docs.haskellstack.org/en/stable/lock_files

packages:
- completed:
    hackage: galois-field-1.0.2@sha256:1f7d31836da8553caf50682e9e0d7cb7edf2146bafb67bed1b6b68031278bbaf,4876
    pantry-tree:
      size: 1451
      sha256: b0c9ff182961bc0d8972f43755fab68b0a7eed558a65872e21398698e66189aa
  original:
    hackage: galois-field-1.0.2@sha256:1f7d31836da8553caf50682e9e0d7cb7edf2146bafb67bed1b6b68031278bbaf,4876
- completed:
    hackage: poly-0.4.0.0@sha256:75c243113712745dab5d2f4a52643705e146473770af212f9e0ce3d87a83f2ed,2123
    pantry-tree:
      size: 1896
      sha256: 06f435980848905d2bcf23b85782863b1608f7a78dbdaea42e33a2e865adf476
  original:
    hackage: poly-0.4.0.0@sha256:75c243113712745dab5d2f4a52643705e146473770af212f9e0ce3d87a83f2ed,2123
- completed:
    hackage: protolude-0.2.4@sha256:ec6c01be631050f8c1b9153a782d329a52609d058cb4b461104222862f7792af,2292
    pantry-tree:
      size: 1438
      sha256: f16b5dec82649b23d3530f1bbc8e4c9e7618d70706052fe8c8ac9c8d19970126
  original:
    hackage: protolude-0.2.4@sha256:ec6c01be631050f8c1b9153a782d329a52609d058cb4b461104222862f7792af,2292
- completed:
    name: keelung
    version: 0.1.0.0
    git: git@github.com:btq-ag/keelung.git
    pantry-tree:
      size: 1474
      sha256: 3377c5074839abaac25ecb43a930c01e97a847b51ec3a8f141ab57ff87b636a2
    commit: 8b580c5754ca681441fc4bc2bc312efca70e7bf9
  original:
    git: git@github.com:btq-ag/keelung.git
    commit: 8b580c5754ca681441fc4bc2bc312efca70e7bf9
snapshots:
- completed:
    size: 590100
    url: https://raw.githubusercontent.com/commercialhaskell/stackage-snapshots/master/lts/18/28.yaml
    sha256: 428ec8d5ce932190d3cbe266b9eb3c175cd81e984babf876b64019e2cbe4ea68
  original:
    url: https://raw.githubusercontent.com/commercialhaskell/stackage-snapshots/master/lts/18/28.yaml
