# This file was autogenerated by Stack.
# You should not edit this file by hand.
# For more information, please see the documentation at:
#   https://docs.haskellstack.org/en/stable/lock_files

packages:
- completed:
    commit: d7d0da6b5df8045afdfb820ba8d08f34dc4c3e58
    git: https://github.com/btq-ag/galois-field.git
    name: galois-field
    pantry-tree:
      sha256: 0b9cd01ab0ed19b29bc34aed4157dbb05eef1dabb543b349c9720dbc743aca72
      size: 4656
    version: 1.0.4
  original:
    commit: d7d0da6b5df8045afdfb820ba8d08f34dc4c3e58
    git: https://github.com/btq-ag/galois-field.git
- completed:
    commit: 7d740f5383718c222678e23daa5d379edbb03a42
    git: git@github.com:btq-ag/keelung.git
    name: keelung
    pantry-tree:
      sha256: a571ea9a8b5fac8d8151b7e9bf7226c62f61c63855692171cd56abb4fee03d9f
      size: 1627
    version: 0.1.0.0
  original:
    commit: 7d740f5383718c222678e23daa5d379edbb03a42
    git: git@github.com:btq-ag/keelung.git
snapshots:
- completed:
    sha256: 8bcce0b4f5671ea04691477f5af759b497b8892f998768d6eb01c64c58d41d7c
    size: 649329
    url: https://raw.githubusercontent.com/commercialhaskell/stackage-snapshots/master/lts/20/7.yaml
  original:
    url: https://raw.githubusercontent.com/commercialhaskell/stackage-snapshots/master/lts/20/7.yaml
