# This file was autogenerated by Stack.
# You should not edit this file by hand.
# For more information, please see the documentation at:
#   https://docs.haskellstack.org/en/stable/lock_files

packages:
- completed:
    commit: d7d0da6b5df8045afdfb820ba8d08f34dc4c3e58
    git: https://github.com/btq-ag/galois-field.git
    name: galois-field
    pantry-tree:
      sha256: 0b9cd01ab0ed19b29bc34aed4157dbb05eef1dabb543b349c9720dbc743aca72
      size: 4656
    version: 1.0.4
  original:
    commit: d7d0da6b5df8045afdfb820ba8d08f34dc4c3e58
    git: https://github.com/btq-ag/galois-field.git
- completed:
    commit: 852755c2486d5df014d0562e4e7cea678dc273d7
    git: git@github.com:btq-ag/keelung.git
    name: keelung
    pantry-tree:
      sha256: 762487b733b557ca31d11b55bb8f84bc4464381873e1d76289c1ec0245c845a9
      size: 1808
    version: 0.1.0.0
  original:
    commit: 852755c2486d5df014d0562e4e7cea678dc273d7
    git: git@github.com:btq-ag/keelung.git
- completed:
    commit: 7e45f20becf27654f8af35ef0df3390db28b8c10
    git: git@github.com:btq-ag/keelung-examples.git
    name: keelung-examples
    pantry-tree:
      sha256: 98fabf15cb00fc2a56f82b2347de22a892be4d0edd07b095c35febe766784ee9
      size: 2325
    version: 0.1.0.0
  original:
    commit: 7e45f20becf27654f8af35ef0df3390db28b8c10
    git: git@github.com:btq-ag/keelung-examples.git
snapshots:
- completed:
    sha256: 8bcce0b4f5671ea04691477f5af759b497b8892f998768d6eb01c64c58d41d7c
    size: 649329
    url: https://raw.githubusercontent.com/commercialhaskell/stackage-snapshots/master/lts/20/7.yaml
  original:
    url: https://raw.githubusercontent.com/commercialhaskell/stackage-snapshots/master/lts/20/7.yaml
